// !$*UTF8*$!
{
	archiveVersion = 1;
	classes = {
	};
	objectVersion = 46;
	objects = {

/* Begin PBXBuildFile section */
		00C302E51ABCBA2D00DB3ED1 /* libRCTActionSheet.a in Frameworks */ = {isa = PBXBuildFile; fileRef = 00C302AC1ABCB8CE00DB3ED1 /* libRCTActionSheet.a */; };
		00C302E71ABCBA2D00DB3ED1 /* libRCTGeolocation.a in Frameworks */ = {isa = PBXBuildFile; fileRef = 00C302BA1ABCB90400DB3ED1 /* libRCTGeolocation.a */; };
		00C302E81ABCBA2D00DB3ED1 /* libRCTImage.a in Frameworks */ = {isa = PBXBuildFile; fileRef = 00C302C01ABCB91800DB3ED1 /* libRCTImage.a */; };
		00C302E91ABCBA2D00DB3ED1 /* libRCTNetwork.a in Frameworks */ = {isa = PBXBuildFile; fileRef = 00C302DC1ABCB9D200DB3ED1 /* libRCTNetwork.a */; };
		00C302EA1ABCBA2D00DB3ED1 /* libRCTVibration.a in Frameworks */ = {isa = PBXBuildFile; fileRef = 00C302E41ABCB9EE00DB3ED1 /* libRCTVibration.a */; };
		00E356F31AD99517003FC87E /* AtAufeTests.m in Sources */ = {isa = PBXBuildFile; fileRef = 00E356F21AD99517003FC87E /* AtAufeTests.m */; };
		133E29F31AD74F7200F7D852 /* libRCTLinking.a in Frameworks */ = {isa = PBXBuildFile; fileRef = 78C398B91ACF4ADC00677621 /* libRCTLinking.a */; };
		139105C61AF99C1200B5F7CC /* libRCTSettings.a in Frameworks */ = {isa = PBXBuildFile; fileRef = 139105C11AF99BAD00B5F7CC /* libRCTSettings.a */; };
		139FDEF61B0652A700C62182 /* libRCTWebSocket.a in Frameworks */ = {isa = PBXBuildFile; fileRef = 139FDEF41B06529B00C62182 /* libRCTWebSocket.a */; };
		13B07FBC1A68108700A75B9A /* AppDelegate.m in Sources */ = {isa = PBXBuildFile; fileRef = 13B07FB01A68108700A75B9A /* AppDelegate.m */; };
		13B07FBD1A68108700A75B9A /* LaunchScreen.xib in Resources */ = {isa = PBXBuildFile; fileRef = 13B07FB11A68108700A75B9A /* LaunchScreen.xib */; };
		13B07FBF1A68108700A75B9A /* Images.xcassets in Resources */ = {isa = PBXBuildFile; fileRef = 13B07FB51A68108700A75B9A /* Images.xcassets */; };
		13B07FC11A68108700A75B9A /* main.m in Sources */ = {isa = PBXBuildFile; fileRef = 13B07FB71A68108700A75B9A /* main.m */; };
		140ED2AC1D01E1AD002B40FF /* libReact.a in Frameworks */ = {isa = PBXBuildFile; fileRef = 146834041AC3E56700842450 /* libReact.a */; };
		146834051AC3E58100842450 /* libReact.a in Frameworks */ = {isa = PBXBuildFile; fileRef = 146834041AC3E56700842450 /* libReact.a */; };
		1DD55BE4CE66467A8F5445EA /* EvilIcons.ttf in Resources */ = {isa = PBXBuildFile; fileRef = 4AAC65CB15A043FB85740C00 /* EvilIcons.ttf */; };
		26BD53A59C794EEB84CF9467 /* SimpleLineIcons.ttf in Resources */ = {isa = PBXBuildFile; fileRef = 61FA7CFEB77C4746B29B13FD /* SimpleLineIcons.ttf */; };
		4130DAC64BE544A5B3284B3E /* Zocial.ttf in Resources */ = {isa = PBXBuildFile; fileRef = EB6DEBE75F4D4C7EB5FAFE72 /* Zocial.ttf */; };
		66D4CD11D7F9453CB53B5AD5 /* MaterialIcons.ttf in Resources */ = {isa = PBXBuildFile; fileRef = 8C6B6177D2D742D4A5C51D92 /* MaterialIcons.ttf */; };
		832341BD1AAA6AB300B99B32 /* libRCTText.a in Frameworks */ = {isa = PBXBuildFile; fileRef = 832341B51AAA6A8300B99B32 /* libRCTText.a */; };
		8C73EBAA81CE441DBEC0C2DA /* libRCTBEEPickerManager.a in Frameworks */ = {isa = PBXBuildFile; fileRef = BF637C459A7E417CBED763DD /* libRCTBEEPickerManager.a */; };
		90EA2D1CC9724E5AB0ED9739 /* libc++.tbd in Frameworks */ = {isa = PBXBuildFile; fileRef = 10F66BB41C654D5BA94FA28D /* libc++.tbd */; };
		961728B55ABB4D5CA734E07C /* libRCTImageResizer.a in Frameworks */ = {isa = PBXBuildFile; fileRef = 83604242C2D24BCC8A8FE2DF /* libRCTImageResizer.a */; };
		AA45EF0EA7974A2B90E1E80D /* libRNFS.a in Frameworks */ = {isa = PBXBuildFile; fileRef = 2213D02223EB417CB2327675 /* libRNFS.a */; };
		B1403B8C34AE40678C4F259F /* libRNFetchBlob.a in Frameworks */ = {isa = PBXBuildFile; fileRef = A1AFA4D6DC644D17AE724F57 /* libRNFetchBlob.a */; };
		B3EB01DFF3214B628C6406D6 /* libRCTHotUpdate.a in Frameworks */ = {isa = PBXBuildFile; fileRef = 6BB60C0F8C4C49A5ADEE53A1 /* libRCTHotUpdate.a */; };
		B576948118AF43A5BB1E2634 /* Octicons.ttf in Resources */ = {isa = PBXBuildFile; fileRef = D793858387F74956A7595135 /* Octicons.ttf */; };
		C1E8603FFB2641009A0FC9E7 /* libRNVectorIcons.a in Frameworks */ = {isa = PBXBuildFile; fileRef = 7EFFF97548F4472BBF56A0B5 /* libRNVectorIcons.a */; };
		C3E236FC6C0A4738B3288F8E /* Ionicons.ttf in Resources */ = {isa = PBXBuildFile; fileRef = ACCBF40E84004CCCBF6BFDBB /* Ionicons.ttf */; };
		D04FA7276E3F4673B6FBBD7F /* Foundation.ttf in Resources */ = {isa = PBXBuildFile; fileRef = F8A65558C3D0490088FBACC9 /* Foundation.ttf */; };
		D142F53B1E0CF93300796517 /* libRCTPushNotification.a in Frameworks */ = {isa = PBXBuildFile; fileRef = D142F5381E0CF8F800796517 /* libRCTPushNotification.a */; };
		D142F5E51E0D388C00796517 /* libz.tbd in Frameworks */ = {isa = PBXBuildFile; fileRef = 0BB6A8DCCFF745A68DAFB64B /* libz.tbd */; };
		D142F5E61E0D389A00796517 /* CoreTelephony.framework in Frameworks */ = {isa = PBXBuildFile; fileRef = D1F76EEF1DED4CE900726929 /* CoreTelephony.framework */; };
		D142F5E71E0D38A100796517 /* Security.framework in Frameworks */ = {isa = PBXBuildFile; fileRef = D1F76EF11DED4CF800726929 /* Security.framework */; };
		D142F5E81E0D38A800796517 /* CFNetwork.framework in Frameworks */ = {isa = PBXBuildFile; fileRef = D142F5721E0D082100796517 /* CFNetwork.framework */; };
		D142F5E91E0D38AE00796517 /* CoreFoundation.framework in Frameworks */ = {isa = PBXBuildFile; fileRef = D142F5741E0D082C00796517 /* CoreFoundation.framework */; };
		D142F5EA1E0D38B400796517 /* SystemConfiguration.framework in Frameworks */ = {isa = PBXBuildFile; fileRef = D142F5761E0D083B00796517 /* SystemConfiguration.framework */; };
		D142F5EB1E0D38BB00796517 /* Foundation.framework in Frameworks */ = {isa = PBXBuildFile; fileRef = D142F5781E0D084500796517 /* Foundation.framework */; };
		D142F5EC1E0D38C000796517 /* UIKit.framework in Frameworks */ = {isa = PBXBuildFile; fileRef = D142F57A1E0D084C00796517 /* UIKit.framework */; };
		D142F5ED1E0D38C800796517 /* UserNotifications.framework in Frameworks */ = {isa = PBXBuildFile; fileRef = D142F57C1E0D085900796517 /* UserNotifications.framework */; };
		D142F5EE1E0D38CE00796517 /* libresolv.tbd in Frameworks */ = {isa = PBXBuildFile; fileRef = D142F57E1E0D086500796517 /* libresolv.tbd */; };
		D1F76EF61DED505000726929 /* libbz2.1.0.tbd in Frameworks */ = {isa = PBXBuildFile; fileRef = D1F76EF51DED505000726929 /* libbz2.1.0.tbd */; };
		D7D142016EC54B51B1CAD6B0 /* libRealmReact.a in Frameworks */ = {isa = PBXBuildFile; fileRef = 458E1080A3B44A28A0CE1608 /* libRealmReact.a */; };
		DF13DB7377924C7098FFF221 /* FontAwesome.ttf in Resources */ = {isa = PBXBuildFile; fileRef = 06B723B2616A417DAE2F454C /* FontAwesome.ttf */; };
		E724D87103D1477EBDEF6E37 /* libRCTJPushModule.a in Frameworks */ = {isa = PBXBuildFile; fileRef = 4D4D3DFF0DD94A92A2BF1A8D /* libRCTJPushModule.a */; };
		E955499F39964A7FB59DE7B1 /* Entypo.ttf in Resources */ = {isa = PBXBuildFile; fileRef = AB11507F8D674C27AD20358F /* Entypo.ttf */; };
		F927078A6A97417FBBAA5273 /* libRNImagePicker.a in Frameworks */ = {isa = PBXBuildFile; fileRef = B4CB19E50AB84DE0A61EB603 /* libRNImagePicker.a */; };
/* End PBXBuildFile section */

/* Begin PBXContainerItemProxy section */
		00C302AB1ABCB8CE00DB3ED1 /* PBXContainerItemProxy */ = {
			isa = PBXContainerItemProxy;
			containerPortal = 00C302A71ABCB8CE00DB3ED1 /* RCTActionSheet.xcodeproj */;
			proxyType = 2;
			remoteGlobalIDString = 134814201AA4EA6300B7C361;
			remoteInfo = RCTActionSheet;
		};
		00C302B91ABCB90400DB3ED1 /* PBXContainerItemProxy */ = {
			isa = PBXContainerItemProxy;
			containerPortal = 00C302B51ABCB90400DB3ED1 /* RCTGeolocation.xcodeproj */;
			proxyType = 2;
			remoteGlobalIDString = 134814201AA4EA6300B7C361;
			remoteInfo = RCTGeolocation;
		};
		00C302BF1ABCB91800DB3ED1 /* PBXContainerItemProxy */ = {
			isa = PBXContainerItemProxy;
			containerPortal = 00C302BB1ABCB91800DB3ED1 /* RCTImage.xcodeproj */;
			proxyType = 2;
			remoteGlobalIDString = 58B5115D1A9E6B3D00147676;
			remoteInfo = RCTImage;
		};
		00C302DB1ABCB9D200DB3ED1 /* PBXContainerItemProxy */ = {
			isa = PBXContainerItemProxy;
			containerPortal = 00C302D31ABCB9D200DB3ED1 /* RCTNetwork.xcodeproj */;
			proxyType = 2;
			remoteGlobalIDString = 58B511DB1A9E6C8500147676;
			remoteInfo = RCTNetwork;
		};
		00C302E31ABCB9EE00DB3ED1 /* PBXContainerItemProxy */ = {
			isa = PBXContainerItemProxy;
			containerPortal = 00C302DF1ABCB9EE00DB3ED1 /* RCTVibration.xcodeproj */;
			proxyType = 2;
			remoteGlobalIDString = 832C81801AAF6DEF007FA2F7;
			remoteInfo = RCTVibration;
		};
		00E356F41AD99517003FC87E /* PBXContainerItemProxy */ = {
			isa = PBXContainerItemProxy;
			containerPortal = 83CBB9F71A601CBA00E9B192 /* Project object */;
			proxyType = 1;
			remoteGlobalIDString = 13B07F861A680F5B00A75B9A;
			remoteInfo = AtAufe;
		};
		139105C01AF99BAD00B5F7CC /* PBXContainerItemProxy */ = {
			isa = PBXContainerItemProxy;
			containerPortal = 139105B61AF99BAD00B5F7CC /* RCTSettings.xcodeproj */;
			proxyType = 2;
			remoteGlobalIDString = 134814201AA4EA6300B7C361;
			remoteInfo = RCTSettings;
		};
		139FDEF31B06529B00C62182 /* PBXContainerItemProxy */ = {
			isa = PBXContainerItemProxy;
			containerPortal = 139FDEE61B06529A00C62182 /* RCTWebSocket.xcodeproj */;
			proxyType = 2;
			remoteGlobalIDString = 3C86DF461ADF2C930047B81A;
			remoteInfo = RCTWebSocket;
		};
		146834031AC3E56700842450 /* PBXContainerItemProxy */ = {
			isa = PBXContainerItemProxy;
			containerPortal = 146833FF1AC3E56700842450 /* React.xcodeproj */;
			proxyType = 2;
			remoteGlobalIDString = 83CBBA2E1A601D0E00E9B192;
			remoteInfo = React;
		};
		78C398B81ACF4ADC00677621 /* PBXContainerItemProxy */ = {
			isa = PBXContainerItemProxy;
			containerPortal = 78C398B01ACF4ADC00677621 /* RCTLinking.xcodeproj */;
			proxyType = 2;
			remoteGlobalIDString = 134814201AA4EA6300B7C361;
			remoteInfo = RCTLinking;
		};
		832341B41AAA6A8300B99B32 /* PBXContainerItemProxy */ = {
			isa = PBXContainerItemProxy;
			containerPortal = 832341B01AAA6A8300B99B32 /* RCTText.xcodeproj */;
			proxyType = 2;
			remoteGlobalIDString = 58B5119B1A9E6C1200147676;
			remoteInfo = RCTText;
		};
		D121BD711DFFD82600B093CD /* PBXContainerItemProxy */ = {
			isa = PBXContainerItemProxy;
			containerPortal = C50A5167C071401EB450DA20 /* RCTBEEPickerManager.xcodeproj */;
			proxyType = 2;
			remoteGlobalIDString = 17D41E551D7EE0CA0031415E;
			remoteInfo = RCTBEEPickerManager;
		};
		D142F5371E0CF8F800796517 /* PBXContainerItemProxy */ = {
			isa = PBXContainerItemProxy;
			containerPortal = D142F5321E0CF8F700796517 /* RCTPushNotification.xcodeproj */;
			proxyType = 2;
			remoteGlobalIDString = 134814201AA4EA6300B7C361;
			remoteInfo = RCTPushNotification;
		};
		D142F5391E0CF8F800796517 /* PBXContainerItemProxy */ = {
			isa = PBXContainerItemProxy;
			containerPortal = D142F5321E0CF8F700796517 /* RCTPushNotification.xcodeproj */;
			proxyType = 2;
			remoteGlobalIDString = 2DD0EFE61DA8533A00B0C975;
			remoteInfo = "RCTPushNotification-tvOS";
		};
		D142F5CF1E0D385600796517 /* PBXContainerItemProxy */ = {
			isa = PBXContainerItemProxy;
			containerPortal = DFD9703B328A4E8CA93AC17C /* RCTJPushModule.xcodeproj */;
			proxyType = 2;
			remoteGlobalIDString = 6280980A1CEDC407000D3A81;
			remoteInfo = RCTJPushModule;
		};
		D142F5FD1E0D390700796517 /* PBXContainerItemProxy */ = {
			isa = PBXContainerItemProxy;
			containerPortal = D142F5F81E0D390700796517 /* RCTPushNotification.xcodeproj */;
			proxyType = 2;
			remoteGlobalIDString = 134814201AA4EA6300B7C361;
			remoteInfo = RCTPushNotification;
		};
		D142F5FF1E0D390700796517 /* PBXContainerItemProxy */ = {
			isa = PBXContainerItemProxy;
			containerPortal = D142F5F81E0D390700796517 /* RCTPushNotification.xcodeproj */;
			proxyType = 2;
			remoteGlobalIDString = 2DD0EFE61DA8533A00B0C975;
			remoteInfo = "RCTPushNotification-tvOS";
		};
		D142F6061E0D391A00796517 /* PBXContainerItemProxy */ = {
			isa = PBXContainerItemProxy;
			containerPortal = D142F6011E0D391900796517 /* RCTPushNotification.xcodeproj */;
			proxyType = 2;
			remoteGlobalIDString = 134814201AA4EA6300B7C361;
			remoteInfo = RCTPushNotification;
		};
		D142F6081E0D391A00796517 /* PBXContainerItemProxy */ = {
			isa = PBXContainerItemProxy;
			containerPortal = D142F6011E0D391900796517 /* RCTPushNotification.xcodeproj */;
			proxyType = 2;
			remoteGlobalIDString = 2DD0EFE61DA8533A00B0C975;
			remoteInfo = "RCTPushNotification-tvOS";
		};
		D1F76EBB1DED4C2600726929 /* PBXContainerItemProxy */ = {
			isa = PBXContainerItemProxy;
			containerPortal = E06536848B1E4D388EFB077A /* RCTHotUpdate.xcodeproj */;
			proxyType = 2;
			remoteGlobalIDString = 91C5EFFF1C76ECA90037E727;
			remoteInfo = RCTHotUpdate;
		};
		D1F76EBF1DED4C2600726929 /* PBXContainerItemProxy */ = {
			isa = PBXContainerItemProxy;
			containerPortal = 00C302BB1ABCB91800DB3ED1 /* RCTImage.xcodeproj */;
			proxyType = 2;
			remoteGlobalIDString = 2D2A283A1D9B042B00D4039D;
			remoteInfo = "RCTImage-tvOS";
		};
		D1F76EC21DED4C2600726929 /* PBXContainerItemProxy */ = {
			isa = PBXContainerItemProxy;
			containerPortal = 7789FAEA86F748A787CCE351 /* RCTImageResizer.xcodeproj */;
			proxyType = 2;
			remoteGlobalIDString = 5D72D2E81C16249000E22EC1;
			remoteInfo = RCTImageResizer;
		};
		D1F76EC91DED4C2600726929 /* PBXContainerItemProxy */ = {
			isa = PBXContainerItemProxy;
			containerPortal = 78C398B01ACF4ADC00677621 /* RCTLinking.xcodeproj */;
			proxyType = 2;
			remoteGlobalIDString = 2D2A28471D9B043800D4039D;
			remoteInfo = "RCTLinking-tvOS";
		};
		D1F76ECD1DED4C2600726929 /* PBXContainerItemProxy */ = {
			isa = PBXContainerItemProxy;
			containerPortal = 00C302D31ABCB9D200DB3ED1 /* RCTNetwork.xcodeproj */;
			proxyType = 2;
			remoteGlobalIDString = 2D2A28541D9B044C00D4039D;
			remoteInfo = "RCTNetwork-tvOS";
		};
		D1F76ED11DED4C2600726929 /* PBXContainerItemProxy */ = {
			isa = PBXContainerItemProxy;
			containerPortal = 139105B61AF99BAD00B5F7CC /* RCTSettings.xcodeproj */;
			proxyType = 2;
			remoteGlobalIDString = 2D2A28611D9B046600D4039D;
			remoteInfo = "RCTSettings-tvOS";
		};
		D1F76ED51DED4C2600726929 /* PBXContainerItemProxy */ = {
			isa = PBXContainerItemProxy;
			containerPortal = 832341B01AAA6A8300B99B32 /* RCTText.xcodeproj */;
			proxyType = 2;
			remoteGlobalIDString = 2D2A287B1D9B048500D4039D;
			remoteInfo = "RCTText-tvOS";
		};
		D1F76EDA1DED4C2600726929 /* PBXContainerItemProxy */ = {
			isa = PBXContainerItemProxy;
			containerPortal = 139FDEE61B06529A00C62182 /* RCTWebSocket.xcodeproj */;
			proxyType = 2;
			remoteGlobalIDString = 2D2A28881D9B049200D4039D;
			remoteInfo = "RCTWebSocket-tvOS";
		};
		D1F76EDE1DED4C2600726929 /* PBXContainerItemProxy */ = {
			isa = PBXContainerItemProxy;
			containerPortal = 146833FF1AC3E56700842450 /* React.xcodeproj */;
			proxyType = 2;
			remoteGlobalIDString = 2D2A28131D9B038B00D4039D;
			remoteInfo = "React-tvOS";
		};
		D1F76EE11DED4C2600726929 /* PBXContainerItemProxy */ = {
			isa = PBXContainerItemProxy;
			containerPortal = 808CC5829D2B41E79F55B991 /* RealmReact.xcodeproj */;
			proxyType = 2;
			remoteGlobalIDString = F60690131CA2766F0003FB26;
			remoteInfo = RealmReact;
		};
		D1F76EE41DED4C2600726929 /* PBXContainerItemProxy */ = {
			isa = PBXContainerItemProxy;
			containerPortal = B8389908A4DE4DAEA0A062A0 /* RNFetchBlob.xcodeproj */;
			proxyType = 2;
			remoteGlobalIDString = A15C300E1CD25C330074CB35;
			remoteInfo = RNFetchBlob;
		};
		D1F76EE71DED4C2600726929 /* PBXContainerItemProxy */ = {
			isa = PBXContainerItemProxy;
			containerPortal = 0DD7CE70C4F649F99917AC7A /* RNFS.xcodeproj */;
			proxyType = 2;
			remoteGlobalIDString = F12AFB9B1ADAF8F800E0535D;
			remoteInfo = RNFS;
		};
		D1F76EEA1DED4C2600726929 /* PBXContainerItemProxy */ = {
			isa = PBXContainerItemProxy;
			containerPortal = 938FF12ADBFE45A38D0A5BE0 /* RNImagePicker.xcodeproj */;
			proxyType = 2;
			remoteGlobalIDString = 014A3B5C1C6CF33500B6D375;
			remoteInfo = RNImagePicker;
		};
		D1F76EED1DED4C2600726929 /* PBXContainerItemProxy */ = {
			isa = PBXContainerItemProxy;
			containerPortal = F8A489B4C1E74AD09D8CDB4D /* RNVectorIcons.xcodeproj */;
			proxyType = 2;
			remoteGlobalIDString = 5DBEB1501B18CEA900B34395;
			remoteInfo = RNVectorIcons;
		};
/* End PBXContainerItemProxy section */

/* Begin PBXFileReference section */
		008F07F21AC5B25A0029DE68 /* main.jsbundle */ = {isa = PBXFileReference; fileEncoding = 4; lastKnownFileType = text; path = main.jsbundle; sourceTree = "<group>"; };
		00C302A71ABCB8CE00DB3ED1 /* RCTActionSheet.xcodeproj */ = {isa = PBXFileReference; lastKnownFileType = "wrapper.pb-project"; name = RCTActionSheet.xcodeproj; path = "../node_modules/react-native/Libraries/ActionSheetIOS/RCTActionSheet.xcodeproj"; sourceTree = "<group>"; };
		00C302B51ABCB90400DB3ED1 /* RCTGeolocation.xcodeproj */ = {isa = PBXFileReference; lastKnownFileType = "wrapper.pb-project"; name = RCTGeolocation.xcodeproj; path = "../node_modules/react-native/Libraries/Geolocation/RCTGeolocation.xcodeproj"; sourceTree = "<group>"; };
		00C302BB1ABCB91800DB3ED1 /* RCTImage.xcodeproj */ = {isa = PBXFileReference; lastKnownFileType = "wrapper.pb-project"; name = RCTImage.xcodeproj; path = "../node_modules/react-native/Libraries/Image/RCTImage.xcodeproj"; sourceTree = "<group>"; };
		00C302D31ABCB9D200DB3ED1 /* RCTNetwork.xcodeproj */ = {isa = PBXFileReference; lastKnownFileType = "wrapper.pb-project"; name = RCTNetwork.xcodeproj; path = "../node_modules/react-native/Libraries/Network/RCTNetwork.xcodeproj"; sourceTree = "<group>"; };
		00C302DF1ABCB9EE00DB3ED1 /* RCTVibration.xcodeproj */ = {isa = PBXFileReference; lastKnownFileType = "wrapper.pb-project"; name = RCTVibration.xcodeproj; path = "../node_modules/react-native/Libraries/Vibration/RCTVibration.xcodeproj"; sourceTree = "<group>"; };
		00E356EE1AD99517003FC87E /* AtAufeTests.xctest */ = {isa = PBXFileReference; explicitFileType = wrapper.cfbundle; includeInIndex = 0; path = AtAufeTests.xctest; sourceTree = BUILT_PRODUCTS_DIR; };
		00E356F11AD99517003FC87E /* Info.plist */ = {isa = PBXFileReference; lastKnownFileType = text.plist.xml; path = Info.plist; sourceTree = "<group>"; };
		00E356F21AD99517003FC87E /* AtAufeTests.m */ = {isa = PBXFileReference; lastKnownFileType = sourcecode.c.objc; path = AtAufeTests.m; sourceTree = "<group>"; };
		06B723B2616A417DAE2F454C /* FontAwesome.ttf */ = {isa = PBXFileReference; explicitFileType = undefined; fileEncoding = 9; includeInIndex = 0; lastKnownFileType = unknown; name = FontAwesome.ttf; path = "../node_modules/react-native-vector-icons/Fonts/FontAwesome.ttf"; sourceTree = "<group>"; };
		0BB6A8DCCFF745A68DAFB64B /* libz.tbd */ = {isa = PBXFileReference; explicitFileType = undefined; fileEncoding = 9; includeInIndex = 0; lastKnownFileType = "sourcecode.text-based-dylib-definition"; name = libz.tbd; path = usr/lib/libz.tbd; sourceTree = SDKROOT; };
		0DD7CE70C4F649F99917AC7A /* RNFS.xcodeproj */ = {isa = PBXFileReference; explicitFileType = undefined; fileEncoding = 9; includeInIndex = 0; lastKnownFileType = "wrapper.pb-project"; name = RNFS.xcodeproj; path = "../node_modules/react-native-fs/RNFS.xcodeproj"; sourceTree = "<group>"; };
		10F66BB41C654D5BA94FA28D /* libc++.tbd */ = {isa = PBXFileReference; explicitFileType = undefined; fileEncoding = 9; includeInIndex = 0; lastKnownFileType = "sourcecode.text-based-dylib-definition"; name = "libc++.tbd"; path = "usr/lib/libc++.tbd"; sourceTree = SDKROOT; };
		139105B61AF99BAD00B5F7CC /* RCTSettings.xcodeproj */ = {isa = PBXFileReference; lastKnownFileType = "wrapper.pb-project"; name = RCTSettings.xcodeproj; path = "../node_modules/react-native/Libraries/Settings/RCTSettings.xcodeproj"; sourceTree = "<group>"; };
		139FDEE61B06529A00C62182 /* RCTWebSocket.xcodeproj */ = {isa = PBXFileReference; lastKnownFileType = "wrapper.pb-project"; name = RCTWebSocket.xcodeproj; path = "../node_modules/react-native/Libraries/WebSocket/RCTWebSocket.xcodeproj"; sourceTree = "<group>"; };
		13B07F961A680F5B00A75B9A /* AtAufe.app */ = {isa = PBXFileReference; explicitFileType = wrapper.application; includeInIndex = 0; path = AtAufe.app; sourceTree = BUILT_PRODUCTS_DIR; };
		13B07FAF1A68108700A75B9A /* AppDelegate.h */ = {isa = PBXFileReference; fileEncoding = 4; lastKnownFileType = sourcecode.c.h; name = AppDelegate.h; path = AtAufe/AppDelegate.h; sourceTree = "<group>"; };
		13B07FB01A68108700A75B9A /* AppDelegate.m */ = {isa = PBXFileReference; fileEncoding = 4; lastKnownFileType = sourcecode.c.objc; name = AppDelegate.m; path = AtAufe/AppDelegate.m; sourceTree = "<group>"; };
		13B07FB21A68108700A75B9A /* Base */ = {isa = PBXFileReference; lastKnownFileType = file.xib; name = Base; path = Base.lproj/LaunchScreen.xib; sourceTree = "<group>"; };
		13B07FB51A68108700A75B9A /* Images.xcassets */ = {isa = PBXFileReference; lastKnownFileType = folder.assetcatalog; name = Images.xcassets; path = AtAufe/Images.xcassets; sourceTree = "<group>"; };
		13B07FB61A68108700A75B9A /* Info.plist */ = {isa = PBXFileReference; fileEncoding = 4; lastKnownFileType = text.plist.xml; name = Info.plist; path = AtAufe/Info.plist; sourceTree = "<group>"; };
		13B07FB71A68108700A75B9A /* main.m */ = {isa = PBXFileReference; fileEncoding = 4; lastKnownFileType = sourcecode.c.objc; name = main.m; path = AtAufe/main.m; sourceTree = "<group>"; };
		146833FF1AC3E56700842450 /* React.xcodeproj */ = {isa = PBXFileReference; lastKnownFileType = "wrapper.pb-project"; name = React.xcodeproj; path = "../node_modules/react-native/React/React.xcodeproj"; sourceTree = "<group>"; };
		2213D02223EB417CB2327675 /* libRNFS.a */ = {isa = PBXFileReference; explicitFileType = undefined; fileEncoding = 9; includeInIndex = 0; lastKnownFileType = archive.ar; path = libRNFS.a; sourceTree = "<group>"; };
		458E1080A3B44A28A0CE1608 /* libRealmReact.a */ = {isa = PBXFileReference; explicitFileType = undefined; fileEncoding = 9; includeInIndex = 0; lastKnownFileType = archive.ar; path = libRealmReact.a; sourceTree = "<group>"; };
		4AAC65CB15A043FB85740C00 /* EvilIcons.ttf */ = {isa = PBXFileReference; explicitFileType = undefined; fileEncoding = 9; includeInIndex = 0; lastKnownFileType = unknown; name = EvilIcons.ttf; path = "../node_modules/react-native-vector-icons/Fonts/EvilIcons.ttf"; sourceTree = "<group>"; };
		4D4D3DFF0DD94A92A2BF1A8D /* libRCTJPushModule.a */ = {isa = PBXFileReference; explicitFileType = undefined; fileEncoding = 9; includeInIndex = 0; lastKnownFileType = archive.ar; path = libRCTJPushModule.a; sourceTree = "<group>"; };
		61FA7CFEB77C4746B29B13FD /* SimpleLineIcons.ttf */ = {isa = PBXFileReference; explicitFileType = undefined; fileEncoding = 9; includeInIndex = 0; lastKnownFileType = unknown; name = SimpleLineIcons.ttf; path = "../node_modules/react-native-vector-icons/Fonts/SimpleLineIcons.ttf"; sourceTree = "<group>"; };
		6BB60C0F8C4C49A5ADEE53A1 /* libRCTHotUpdate.a */ = {isa = PBXFileReference; explicitFileType = undefined; fileEncoding = 9; includeInIndex = 0; lastKnownFileType = archive.ar; path = libRCTHotUpdate.a; sourceTree = "<group>"; };
		7789FAEA86F748A787CCE351 /* RCTImageResizer.xcodeproj */ = {isa = PBXFileReference; explicitFileType = undefined; fileEncoding = 9; includeInIndex = 0; lastKnownFileType = "wrapper.pb-project"; name = RCTImageResizer.xcodeproj; path = "../node_modules/react-native-image-resizer/ios/RCTImageResizer.xcodeproj"; sourceTree = "<group>"; };
		78C398B01ACF4ADC00677621 /* RCTLinking.xcodeproj */ = {isa = PBXFileReference; lastKnownFileType = "wrapper.pb-project"; name = RCTLinking.xcodeproj; path = "../node_modules/react-native/Libraries/LinkingIOS/RCTLinking.xcodeproj"; sourceTree = "<group>"; };
		7EFFF97548F4472BBF56A0B5 /* libRNVectorIcons.a */ = {isa = PBXFileReference; explicitFileType = undefined; fileEncoding = 9; includeInIndex = 0; lastKnownFileType = archive.ar; path = libRNVectorIcons.a; sourceTree = "<group>"; };
		808CC5829D2B41E79F55B991 /* RealmReact.xcodeproj */ = {isa = PBXFileReference; explicitFileType = undefined; fileEncoding = 9; includeInIndex = 0; lastKnownFileType = "wrapper.pb-project"; name = RealmReact.xcodeproj; path = "../node_modules/realm/react-native/ios/RealmReact.xcodeproj"; sourceTree = "<group>"; };
		832341B01AAA6A8300B99B32 /* RCTText.xcodeproj */ = {isa = PBXFileReference; lastKnownFileType = "wrapper.pb-project"; name = RCTText.xcodeproj; path = "../node_modules/react-native/Libraries/Text/RCTText.xcodeproj"; sourceTree = "<group>"; };
		83604242C2D24BCC8A8FE2DF /* libRCTImageResizer.a */ = {isa = PBXFileReference; explicitFileType = undefined; fileEncoding = 9; includeInIndex = 0; lastKnownFileType = archive.ar; path = libRCTImageResizer.a; sourceTree = "<group>"; };
		8C6B6177D2D742D4A5C51D92 /* MaterialIcons.ttf */ = {isa = PBXFileReference; explicitFileType = undefined; fileEncoding = 9; includeInIndex = 0; lastKnownFileType = unknown; name = MaterialIcons.ttf; path = "../node_modules/react-native-vector-icons/Fonts/MaterialIcons.ttf"; sourceTree = "<group>"; };
		938FF12ADBFE45A38D0A5BE0 /* RNImagePicker.xcodeproj */ = {isa = PBXFileReference; explicitFileType = undefined; fileEncoding = 9; includeInIndex = 0; lastKnownFileType = "wrapper.pb-project"; name = RNImagePicker.xcodeproj; path = "../node_modules/react-native-image-picker/ios/RNImagePicker.xcodeproj"; sourceTree = "<group>"; };
		A1AFA4D6DC644D17AE724F57 /* libRNFetchBlob.a */ = {isa = PBXFileReference; explicitFileType = undefined; fileEncoding = 9; includeInIndex = 0; lastKnownFileType = archive.ar; path = libRNFetchBlob.a; sourceTree = "<group>"; };
		AB11507F8D674C27AD20358F /* Entypo.ttf */ = {isa = PBXFileReference; explicitFileType = undefined; fileEncoding = 9; includeInIndex = 0; lastKnownFileType = unknown; name = Entypo.ttf; path = "../node_modules/react-native-vector-icons/Fonts/Entypo.ttf"; sourceTree = "<group>"; };
		ACCBF40E84004CCCBF6BFDBB /* Ionicons.ttf */ = {isa = PBXFileReference; explicitFileType = undefined; fileEncoding = 9; includeInIndex = 0; lastKnownFileType = unknown; name = Ionicons.ttf; path = "../node_modules/react-native-vector-icons/Fonts/Ionicons.ttf"; sourceTree = "<group>"; };
		B4CB19E50AB84DE0A61EB603 /* libRNImagePicker.a */ = {isa = PBXFileReference; explicitFileType = undefined; fileEncoding = 9; includeInIndex = 0; lastKnownFileType = archive.ar; path = libRNImagePicker.a; sourceTree = "<group>"; };
		B8389908A4DE4DAEA0A062A0 /* RNFetchBlob.xcodeproj */ = {isa = PBXFileReference; explicitFileType = undefined; fileEncoding = 9; includeInIndex = 0; lastKnownFileType = "wrapper.pb-project"; name = RNFetchBlob.xcodeproj; path = "../node_modules/react-native-fetch-blob/ios/RNFetchBlob.xcodeproj"; sourceTree = "<group>"; };
		BF637C459A7E417CBED763DD /* libRCTBEEPickerManager.a */ = {isa = PBXFileReference; explicitFileType = undefined; fileEncoding = 9; includeInIndex = 0; lastKnownFileType = archive.ar; path = libRCTBEEPickerManager.a; sourceTree = "<group>"; };
		C50A5167C071401EB450DA20 /* RCTBEEPickerManager.xcodeproj */ = {isa = PBXFileReference; explicitFileType = undefined; fileEncoding = 9; includeInIndex = 0; lastKnownFileType = "wrapper.pb-project"; name = RCTBEEPickerManager.xcodeproj; path = "../node_modules/react-native-picker/ios/RCTBEEPickerManager.xcodeproj"; sourceTree = "<group>"; };
		D142F5321E0CF8F700796517 /* RCTPushNotification.xcodeproj */ = {isa = PBXFileReference; lastKnownFileType = "wrapper.pb-project"; name = RCTPushNotification.xcodeproj; path = "../node_modules/react-native/Libraries/PushNotificationIOS/RCTPushNotification.xcodeproj"; sourceTree = "<group>"; };
		D142F5721E0D082100796517 /* CFNetwork.framework */ = {isa = PBXFileReference; lastKnownFileType = wrapper.framework; name = CFNetwork.framework; path = System/Library/Frameworks/CFNetwork.framework; sourceTree = SDKROOT; };
		D142F5741E0D082C00796517 /* CoreFoundation.framework */ = {isa = PBXFileReference; lastKnownFileType = wrapper.framework; name = CoreFoundation.framework; path = System/Library/Frameworks/CoreFoundation.framework; sourceTree = SDKROOT; };
		D142F5761E0D083B00796517 /* SystemConfiguration.framework */ = {isa = PBXFileReference; lastKnownFileType = wrapper.framework; name = SystemConfiguration.framework; path = System/Library/Frameworks/SystemConfiguration.framework; sourceTree = SDKROOT; };
		D142F5781E0D084500796517 /* Foundation.framework */ = {isa = PBXFileReference; lastKnownFileType = wrapper.framework; name = Foundation.framework; path = System/Library/Frameworks/Foundation.framework; sourceTree = SDKROOT; };
		D142F57A1E0D084C00796517 /* UIKit.framework */ = {isa = PBXFileReference; lastKnownFileType = wrapper.framework; name = UIKit.framework; path = System/Library/Frameworks/UIKit.framework; sourceTree = SDKROOT; };
		D142F57C1E0D085900796517 /* UserNotifications.framework */ = {isa = PBXFileReference; lastKnownFileType = wrapper.framework; name = UserNotifications.framework; path = System/Library/Frameworks/UserNotifications.framework; sourceTree = SDKROOT; };
		D142F57E1E0D086500796517 /* libresolv.tbd */ = {isa = PBXFileReference; lastKnownFileType = "sourcecode.text-based-dylib-definition"; name = libresolv.tbd; path = usr/lib/libresolv.tbd; sourceTree = SDKROOT; };
		D142F5F81E0D390700796517 /* RCTPushNotification.xcodeproj */ = {isa = PBXFileReference; lastKnownFileType = "wrapper.pb-project"; name = RCTPushNotification.xcodeproj; path = "/Users/anytime/AtAufe/node_modules/jpush-react-native/ios/RCTJPushModule/../../../react-native/Libraries/PushNotificationIOS/RCTPushNotification.xcodeproj"; sourceTree = "<absolute>"; };
		D142F6011E0D391900796517 /* RCTPushNotification.xcodeproj */ = {isa = PBXFileReference; lastKnownFileType = "wrapper.pb-project"; name = RCTPushNotification.xcodeproj; path = "../node_modules/react-native/Libraries/PushNotificationIOS/RCTPushNotification.xcodeproj"; sourceTree = "<group>"; };
		D142F60A1E0D5C2C00796517 /* AtAufe.entitlements */ = {isa = PBXFileReference; lastKnownFileType = text.plist.entitlements; name = AtAufe.entitlements; path = AtAufe/AtAufe.entitlements; sourceTree = "<group>"; };
		D1F76EEF1DED4CE900726929 /* CoreTelephony.framework */ = {isa = PBXFileReference; lastKnownFileType = wrapper.framework; name = CoreTelephony.framework; path = System/Library/Frameworks/CoreTelephony.framework; sourceTree = SDKROOT; };
		D1F76EF11DED4CF800726929 /* Security.framework */ = {isa = PBXFileReference; lastKnownFileType = wrapper.framework; name = Security.framework; path = System/Library/Frameworks/Security.framework; sourceTree = SDKROOT; };
		D1F76EF51DED505000726929 /* libbz2.1.0.tbd */ = {isa = PBXFileReference; lastKnownFileType = "sourcecode.text-based-dylib-definition"; name = libbz2.1.0.tbd; path = usr/lib/libbz2.1.0.tbd; sourceTree = SDKROOT; };
		D793858387F74956A7595135 /* Octicons.ttf */ = {isa = PBXFileReference; explicitFileType = undefined; fileEncoding = 9; includeInIndex = 0; lastKnownFileType = unknown; name = Octicons.ttf; path = "../node_modules/react-native-vector-icons/Fonts/Octicons.ttf"; sourceTree = "<group>"; };
		DFD9703B328A4E8CA93AC17C /* RCTJPushModule.xcodeproj */ = {isa = PBXFileReference; explicitFileType = undefined; fileEncoding = 9; includeInIndex = 0; lastKnownFileType = "wrapper.pb-project"; name = RCTJPushModule.xcodeproj; path = "../node_modules/jpush-react-native/ios/RCTJPushModule/RCTJPushModule.xcodeproj"; sourceTree = "<group>"; };
		E06536848B1E4D388EFB077A /* RCTHotUpdate.xcodeproj */ = {isa = PBXFileReference; explicitFileType = undefined; fileEncoding = 9; includeInIndex = 0; lastKnownFileType = "wrapper.pb-project"; name = RCTHotUpdate.xcodeproj; path = "../node_modules/react-native-update/ios/RCTHotUpdate.xcodeproj"; sourceTree = "<group>"; };
		EB6DEBE75F4D4C7EB5FAFE72 /* Zocial.ttf */ = {isa = PBXFileReference; explicitFileType = undefined; fileEncoding = 9; includeInIndex = 0; lastKnownFileType = unknown; name = Zocial.ttf; path = "../node_modules/react-native-vector-icons/Fonts/Zocial.ttf"; sourceTree = "<group>"; };
		F8A489B4C1E74AD09D8CDB4D /* RNVectorIcons.xcodeproj */ = {isa = PBXFileReference; explicitFileType = undefined; fileEncoding = 9; includeInIndex = 0; lastKnownFileType = "wrapper.pb-project"; name = RNVectorIcons.xcodeproj; path = "../node_modules/react-native-vector-icons/RNVectorIcons.xcodeproj"; sourceTree = "<group>"; };
		F8A65558C3D0490088FBACC9 /* Foundation.ttf */ = {isa = PBXFileReference; explicitFileType = undefined; fileEncoding = 9; includeInIndex = 0; lastKnownFileType = unknown; name = Foundation.ttf; path = "../node_modules/react-native-vector-icons/Fonts/Foundation.ttf"; sourceTree = "<group>"; };
/* End PBXFileReference section */

/* Begin PBXFrameworksBuildPhase section */
		00E356EB1AD99517003FC87E /* Frameworks */ = {
			isa = PBXFrameworksBuildPhase;
			buildActionMask = 2147483647;
			files = (
				140ED2AC1D01E1AD002B40FF /* libReact.a in Frameworks */,
			);
			runOnlyForDeploymentPostprocessing = 0;
		};
		13B07F8C1A680F5B00A75B9A /* Frameworks */ = {
			isa = PBXFrameworksBuildPhase;
			buildActionMask = 2147483647;
			files = (
				D142F5EE1E0D38CE00796517 /* libresolv.tbd in Frameworks */,
				D142F5ED1E0D38C800796517 /* UserNotifications.framework in Frameworks */,
				D142F5EC1E0D38C000796517 /* UIKit.framework in Frameworks */,
				D142F5EB1E0D38BB00796517 /* Foundation.framework in Frameworks */,
				D142F5EA1E0D38B400796517 /* SystemConfiguration.framework in Frameworks */,
				D142F5E91E0D38AE00796517 /* CoreFoundation.framework in Frameworks */,
				D142F5E81E0D38A800796517 /* CFNetwork.framework in Frameworks */,
				D142F5E71E0D38A100796517 /* Security.framework in Frameworks */,
				D142F5E61E0D389A00796517 /* CoreTelephony.framework in Frameworks */,
				D142F5E51E0D388C00796517 /* libz.tbd in Frameworks */,
				D142F53B1E0CF93300796517 /* libRCTPushNotification.a in Frameworks */,
				D1F76EF61DED505000726929 /* libbz2.1.0.tbd in Frameworks */,
				146834051AC3E58100842450 /* libReact.a in Frameworks */,
				00C302E51ABCBA2D00DB3ED1 /* libRCTActionSheet.a in Frameworks */,
				00C302E71ABCBA2D00DB3ED1 /* libRCTGeolocation.a in Frameworks */,
				00C302E81ABCBA2D00DB3ED1 /* libRCTImage.a in Frameworks */,
				133E29F31AD74F7200F7D852 /* libRCTLinking.a in Frameworks */,
				00C302E91ABCBA2D00DB3ED1 /* libRCTNetwork.a in Frameworks */,
				139105C61AF99C1200B5F7CC /* libRCTSettings.a in Frameworks */,
				832341BD1AAA6AB300B99B32 /* libRCTText.a in Frameworks */,
				00C302EA1ABCBA2D00DB3ED1 /* libRCTVibration.a in Frameworks */,
				139FDEF61B0652A700C62182 /* libRCTWebSocket.a in Frameworks */,
				B1403B8C34AE40678C4F259F /* libRNFetchBlob.a in Frameworks */,
				AA45EF0EA7974A2B90E1E80D /* libRNFS.a in Frameworks */,
				F927078A6A97417FBBAA5273 /* libRNImagePicker.a in Frameworks */,
				961728B55ABB4D5CA734E07C /* libRCTImageResizer.a in Frameworks */,
				B3EB01DFF3214B628C6406D6 /* libRCTHotUpdate.a in Frameworks */,
				C1E8603FFB2641009A0FC9E7 /* libRNVectorIcons.a in Frameworks */,
				D7D142016EC54B51B1CAD6B0 /* libRealmReact.a in Frameworks */,
				90EA2D1CC9724E5AB0ED9739 /* libc++.tbd in Frameworks */,
				8C73EBAA81CE441DBEC0C2DA /* libRCTBEEPickerManager.a in Frameworks */,
				E724D87103D1477EBDEF6E37 /* libRCTJPushModule.a in Frameworks */,
			);
			runOnlyForDeploymentPostprocessing = 0;
		};
/* End PBXFrameworksBuildPhase section */

/* Begin PBXGroup section */
		00C302A81ABCB8CE00DB3ED1 /* Products */ = {
			isa = PBXGroup;
			children = (
				00C302AC1ABCB8CE00DB3ED1 /* libRCTActionSheet.a */,
			);
			name = Products;
			sourceTree = "<group>";
		};
		00C302B61ABCB90400DB3ED1 /* Products */ = {
			isa = PBXGroup;
			children = (
				00C302BA1ABCB90400DB3ED1 /* libRCTGeolocation.a */,
			);
			name = Products;
			sourceTree = "<group>";
		};
		00C302BC1ABCB91800DB3ED1 /* Products */ = {
			isa = PBXGroup;
			children = (
				00C302C01ABCB91800DB3ED1 /* libRCTImage.a */,
				D1F76EC01DED4C2600726929 /* libRCTImage-tvOS.a */,
			);
			name = Products;
			sourceTree = "<group>";
		};
		00C302D41ABCB9D200DB3ED1 /* Products */ = {
			isa = PBXGroup;
			children = (
				00C302DC1ABCB9D200DB3ED1 /* libRCTNetwork.a */,
				D1F76ECE1DED4C2600726929 /* libRCTNetwork-tvOS.a */,
			);
			name = Products;
			sourceTree = "<group>";
		};
		00C302E01ABCB9EE00DB3ED1 /* Products */ = {
			isa = PBXGroup;
			children = (
				00C302E41ABCB9EE00DB3ED1 /* libRCTVibration.a */,
			);
			name = Products;
			sourceTree = "<group>";
		};
		00E356EF1AD99517003FC87E /* AtAufeTests */ = {
			isa = PBXGroup;
			children = (
				00E356F21AD99517003FC87E /* AtAufeTests.m */,
				00E356F01AD99517003FC87E /* Supporting Files */,
			);
			path = AtAufeTests;
			sourceTree = "<group>";
		};
		00E356F01AD99517003FC87E /* Supporting Files */ = {
			isa = PBXGroup;
			children = (
				00E356F11AD99517003FC87E /* Info.plist */,
			);
			name = "Supporting Files";
			sourceTree = "<group>";
		};
		139105B71AF99BAD00B5F7CC /* Products */ = {
			isa = PBXGroup;
			children = (
				139105C11AF99BAD00B5F7CC /* libRCTSettings.a */,
				D1F76ED21DED4C2600726929 /* libRCTSettings-tvOS.a */,
			);
			name = Products;
			sourceTree = "<group>";
		};
		139FDEE71B06529A00C62182 /* Products */ = {
			isa = PBXGroup;
			children = (
				139FDEF41B06529B00C62182 /* libRCTWebSocket.a */,
				D1F76EDB1DED4C2600726929 /* libRCTWebSocket-tvOS.a */,
			);
			name = Products;
			sourceTree = "<group>";
		};
		13B07FAE1A68108700A75B9A /* AtAufe */ = {
			isa = PBXGroup;
			children = (
				D142F60A1E0D5C2C00796517 /* AtAufe.entitlements */,
				008F07F21AC5B25A0029DE68 /* main.jsbundle */,
				13B07FAF1A68108700A75B9A /* AppDelegate.h */,
				13B07FB01A68108700A75B9A /* AppDelegate.m */,
				13B07FB51A68108700A75B9A /* Images.xcassets */,
				13B07FB61A68108700A75B9A /* Info.plist */,
				13B07FB11A68108700A75B9A /* LaunchScreen.xib */,
				13B07FB71A68108700A75B9A /* main.m */,
			);
			name = AtAufe;
			sourceTree = "<group>";
		};
		146834001AC3E56700842450 /* Products */ = {
			isa = PBXGroup;
			children = (
				146834041AC3E56700842450 /* libReact.a */,
				D1F76EDF1DED4C2600726929 /* libReact-tvOS.a */,
			);
			name = Products;
			sourceTree = "<group>";
		};
		78C398B11ACF4ADC00677621 /* Products */ = {
			isa = PBXGroup;
			children = (
				78C398B91ACF4ADC00677621 /* libRCTLinking.a */,
				D1F76ECA1DED4C2600726929 /* libRCTLinking-tvOS.a */,
			);
			name = Products;
			sourceTree = "<group>";
		};
		7B7FFC2DAF744BB2B44038DA /* Resources */ = {
			isa = PBXGroup;
			children = (
				AB11507F8D674C27AD20358F /* Entypo.ttf */,
				4AAC65CB15A043FB85740C00 /* EvilIcons.ttf */,
				06B723B2616A417DAE2F454C /* FontAwesome.ttf */,
				F8A65558C3D0490088FBACC9 /* Foundation.ttf */,
				ACCBF40E84004CCCBF6BFDBB /* Ionicons.ttf */,
				8C6B6177D2D742D4A5C51D92 /* MaterialIcons.ttf */,
				D793858387F74956A7595135 /* Octicons.ttf */,
				61FA7CFEB77C4746B29B13FD /* SimpleLineIcons.ttf */,
				EB6DEBE75F4D4C7EB5FAFE72 /* Zocial.ttf */,
			);
			name = Resources;
			sourceTree = "<group>";
		};
		832341AE1AAA6A7D00B99B32 /* Libraries */ = {
			isa = PBXGroup;
			children = (
				D142F6011E0D391900796517 /* RCTPushNotification.xcodeproj */,
				D142F5F81E0D390700796517 /* RCTPushNotification.xcodeproj */,
				D142F5321E0CF8F700796517 /* RCTPushNotification.xcodeproj */,
				146833FF1AC3E56700842450 /* React.xcodeproj */,
				00C302A71ABCB8CE00DB3ED1 /* RCTActionSheet.xcodeproj */,
				00C302B51ABCB90400DB3ED1 /* RCTGeolocation.xcodeproj */,
				00C302BB1ABCB91800DB3ED1 /* RCTImage.xcodeproj */,
				78C398B01ACF4ADC00677621 /* RCTLinking.xcodeproj */,
				00C302D31ABCB9D200DB3ED1 /* RCTNetwork.xcodeproj */,
				139105B61AF99BAD00B5F7CC /* RCTSettings.xcodeproj */,
				832341B01AAA6A8300B99B32 /* RCTText.xcodeproj */,
				00C302DF1ABCB9EE00DB3ED1 /* RCTVibration.xcodeproj */,
				139FDEE61B06529A00C62182 /* RCTWebSocket.xcodeproj */,
				B8389908A4DE4DAEA0A062A0 /* RNFetchBlob.xcodeproj */,
				0DD7CE70C4F649F99917AC7A /* RNFS.xcodeproj */,
				938FF12ADBFE45A38D0A5BE0 /* RNImagePicker.xcodeproj */,
				7789FAEA86F748A787CCE351 /* RCTImageResizer.xcodeproj */,
				E06536848B1E4D388EFB077A /* RCTHotUpdate.xcodeproj */,
				F8A489B4C1E74AD09D8CDB4D /* RNVectorIcons.xcodeproj */,
				808CC5829D2B41E79F55B991 /* RealmReact.xcodeproj */,
				C50A5167C071401EB450DA20 /* RCTBEEPickerManager.xcodeproj */,
				DFD9703B328A4E8CA93AC17C /* RCTJPushModule.xcodeproj */,
			);
			name = Libraries;
			sourceTree = "<group>";
		};
		832341B11AAA6A8300B99B32 /* Products */ = {
			isa = PBXGroup;
			children = (
				832341B51AAA6A8300B99B32 /* libRCTText.a */,
				D1F76ED61DED4C2600726929 /* libRCTText-tvOS.a */,
			);
			name = Products;
			sourceTree = "<group>";
		};
		83CBB9F61A601CBA00E9B192 = {
			isa = PBXGroup;
			children = (
				13B07FAE1A68108700A75B9A /* AtAufe */,
				832341AE1AAA6A7D00B99B32 /* Libraries */,
				00E356EF1AD99517003FC87E /* AtAufeTests */,
				83CBBA001A601CBA00E9B192 /* Products */,
				B57324F0489F40899C2E3191 /* Frameworks */,
				7B7FFC2DAF744BB2B44038DA /* Resources */,
			);
			indentWidth = 2;
			sourceTree = "<group>";
			tabWidth = 2;
		};
		83CBBA001A601CBA00E9B192 /* Products */ = {
			isa = PBXGroup;
			children = (
				13B07F961A680F5B00A75B9A /* AtAufe.app */,
				00E356EE1AD99517003FC87E /* AtAufeTests.xctest */,
			);
			name = Products;
			sourceTree = "<group>";
		};
		B57324F0489F40899C2E3191 /* Frameworks */ = {
			isa = PBXGroup;
			children = (
				D142F57E1E0D086500796517 /* libresolv.tbd */,
				D142F57C1E0D085900796517 /* UserNotifications.framework */,
				D142F57A1E0D084C00796517 /* UIKit.framework */,
				D142F5781E0D084500796517 /* Foundation.framework */,
				D142F5761E0D083B00796517 /* SystemConfiguration.framework */,
				D142F5741E0D082C00796517 /* CoreFoundation.framework */,
				D142F5721E0D082100796517 /* CFNetwork.framework */,
				D1F76EF51DED505000726929 /* libbz2.1.0.tbd */,
				D1F76EF11DED4CF800726929 /* Security.framework */,
				D1F76EEF1DED4CE900726929 /* CoreTelephony.framework */,
				10F66BB41C654D5BA94FA28D /* libc++.tbd */,
				0BB6A8DCCFF745A68DAFB64B /* libz.tbd */,
			);
			name = Frameworks;
			sourceTree = "<group>";
		};
		D121BD6D1DFFD82600B093CD /* Products */ = {
			isa = PBXGroup;
			children = (
				D121BD721DFFD82600B093CD /* libRCTBEEPickerManager.a */,
			);
			name = Products;
			sourceTree = "<group>";
		};
		D142F5331E0CF8F700796517 /* Products */ = {
			isa = PBXGroup;
			children = (
				D142F5381E0CF8F800796517 /* libRCTPushNotification.a */,
				D142F53A1E0CF8F800796517 /* libRCTPushNotification-tvOS.a */,
			);
			name = Products;
			sourceTree = "<group>";
		};
		D142F5C51E0D385600796517 /* Products */ = {
			isa = PBXGroup;
			children = (
				D142F5D01E0D385600796517 /* libRCTJPushModule.a */,
			);
			name = Products;
			sourceTree = "<group>";
		};
		D142F5F91E0D390700796517 /* Products */ = {
			isa = PBXGroup;
			children = (
				D142F5FE1E0D390700796517 /* libRCTPushNotification.a */,
				D142F6001E0D390700796517 /* libRCTPushNotification-tvOS.a */,
			);
			name = Products;
			sourceTree = "<group>";
		};
		D142F6021E0D391900796517 /* Products */ = {
			isa = PBXGroup;
			children = (
				D142F6071E0D391A00796517 /* libRCTPushNotification.a */,
				D142F6091E0D391A00796517 /* libRCTPushNotification-tvOS.a */,
			);
			name = Products;
			sourceTree = "<group>";
		};
		D1F76EA81DED4C2600726929 /* Products */ = {
			isa = PBXGroup;
			children = (
				D1F76EE51DED4C2600726929 /* libRNFetchBlob.a */,
			);
			name = Products;
			sourceTree = "<group>";
		};
		D1F76EAA1DED4C2600726929 /* Products */ = {
			isa = PBXGroup;
			children = (
				D1F76EE81DED4C2600726929 /* libRNFS.a */,
			);
			name = Products;
			sourceTree = "<group>";
		};
		D1F76EAC1DED4C2600726929 /* Products */ = {
			isa = PBXGroup;
			children = (
				D1F76EEB1DED4C2600726929 /* libRNImagePicker.a */,
			);
			name = Products;
			sourceTree = "<group>";
		};
		D1F76EAE1DED4C2600726929 /* Products */ = {
			isa = PBXGroup;
			children = (
				D1F76EC31DED4C2600726929 /* libRCTImageResizer.a */,
			);
			name = Products;
			sourceTree = "<group>";
		};
		D1F76EB21DED4C2600726929 /* Products */ = {
			isa = PBXGroup;
			children = (
				D1F76EBC1DED4C2600726929 /* libRCTHotUpdate.a */,
			);
			name = Products;
			sourceTree = "<group>";
		};
		D1F76EB41DED4C2600726929 /* Products */ = {
			isa = PBXGroup;
			children = (
				D1F76EEE1DED4C2600726929 /* libRNVectorIcons.a */,
			);
			name = Products;
			sourceTree = "<group>";
		};
		D1F76EB61DED4C2600726929 /* Products */ = {
			isa = PBXGroup;
			children = (
				D1F76EE21DED4C2600726929 /* libRealmReact.a */,
			);
			name = Products;
			sourceTree = "<group>";
		};
/* End PBXGroup section */

/* Begin PBXNativeTarget section */
		00E356ED1AD99517003FC87E /* AtAufeTests */ = {
			isa = PBXNativeTarget;
			buildConfigurationList = 00E357021AD99517003FC87E /* Build configuration list for PBXNativeTarget "AtAufeTests" */;
			buildPhases = (
				00E356EA1AD99517003FC87E /* Sources */,
				00E356EB1AD99517003FC87E /* Frameworks */,
				00E356EC1AD99517003FC87E /* Resources */,
			);
			buildRules = (
			);
			dependencies = (
				00E356F51AD99517003FC87E /* PBXTargetDependency */,
			);
			name = AtAufeTests;
			productName = AtAufeTests;
			productReference = 00E356EE1AD99517003FC87E /* AtAufeTests.xctest */;
			productType = "com.apple.product-type.bundle.unit-test";
		};
		13B07F861A680F5B00A75B9A /* AtAufe */ = {
			isa = PBXNativeTarget;
			buildConfigurationList = 13B07F931A680F5B00A75B9A /* Build configuration list for PBXNativeTarget "AtAufe" */;
			buildPhases = (
				13B07F871A680F5B00A75B9A /* Sources */,
				13B07F8C1A680F5B00A75B9A /* Frameworks */,
				13B07F8E1A680F5B00A75B9A /* Resources */,
				00DD1BFF1BD5951E006B06BC /* Bundle React Native code and images */,
			);
			buildRules = (
			);
			dependencies = (
			);
			name = AtAufe;
			productName = "Hello World";
			productReference = 13B07F961A680F5B00A75B9A /* AtAufe.app */;
			productType = "com.apple.product-type.application";
		};
/* End PBXNativeTarget section */

/* Begin PBXProject section */
		83CBB9F71A601CBA00E9B192 /* Project object */ = {
			isa = PBXProject;
			attributes = {
				LastUpgradeCheck = 810;
				ORGANIZATIONNAME = Facebook;
				TargetAttributes = {
					00E356ED1AD99517003FC87E = {
						CreatedOnToolsVersion = 6.2;
						DevelopmentTeam = JYPUB43E9Y;
						ProvisioningStyle = Manual;
						TestTargetID = 13B07F861A680F5B00A75B9A;
					};
					13B07F861A680F5B00A75B9A = {
						DevelopmentTeam = JYPUB43E9Y;
						ProvisioningStyle = Manual;
						SystemCapabilities = {
							com.apple.Push = {
								enabled = 1;
							};
						};
					};
				};
			};
			buildConfigurationList = 83CBB9FA1A601CBA00E9B192 /* Build configuration list for PBXProject "AtAufe" */;
			compatibilityVersion = "Xcode 3.2";
			developmentRegion = English;
			hasScannedForEncodings = 0;
			knownRegions = (
				en,
				Base,
			);
			mainGroup = 83CBB9F61A601CBA00E9B192;
			productRefGroup = 83CBBA001A601CBA00E9B192 /* Products */;
			projectDirPath = "";
			projectReferences = (
				{
					ProductGroup = 00C302A81ABCB8CE00DB3ED1 /* Products */;
					ProjectRef = 00C302A71ABCB8CE00DB3ED1 /* RCTActionSheet.xcodeproj */;
				},
				{
					ProductGroup = D121BD6D1DFFD82600B093CD /* Products */;
					ProjectRef = C50A5167C071401EB450DA20 /* RCTBEEPickerManager.xcodeproj */;
				},
				{
					ProductGroup = 00C302B61ABCB90400DB3ED1 /* Products */;
					ProjectRef = 00C302B51ABCB90400DB3ED1 /* RCTGeolocation.xcodeproj */;
				},
				{
					ProductGroup = D1F76EB21DED4C2600726929 /* Products */;
					ProjectRef = E06536848B1E4D388EFB077A /* RCTHotUpdate.xcodeproj */;
				},
				{
					ProductGroup = 00C302BC1ABCB91800DB3ED1 /* Products */;
					ProjectRef = 00C302BB1ABCB91800DB3ED1 /* RCTImage.xcodeproj */;
				},
				{
					ProductGroup = D1F76EAE1DED4C2600726929 /* Products */;
					ProjectRef = 7789FAEA86F748A787CCE351 /* RCTImageResizer.xcodeproj */;
				},
				{
					ProductGroup = D142F5C51E0D385600796517 /* Products */;
					ProjectRef = DFD9703B328A4E8CA93AC17C /* RCTJPushModule.xcodeproj */;
				},
				{
					ProductGroup = 78C398B11ACF4ADC00677621 /* Products */;
					ProjectRef = 78C398B01ACF4ADC00677621 /* RCTLinking.xcodeproj */;
				},
				{
					ProductGroup = 00C302D41ABCB9D200DB3ED1 /* Products */;
					ProjectRef = 00C302D31ABCB9D200DB3ED1 /* RCTNetwork.xcodeproj */;
				},
				{
					ProductGroup = D142F5331E0CF8F700796517 /* Products */;
					ProjectRef = D142F5321E0CF8F700796517 /* RCTPushNotification.xcodeproj */;
				},
				{
					ProductGroup = D142F5F91E0D390700796517 /* Products */;
					ProjectRef = D142F5F81E0D390700796517 /* RCTPushNotification.xcodeproj */;
				},
				{
					ProductGroup = D142F6021E0D391900796517 /* Products */;
					ProjectRef = D142F6011E0D391900796517 /* RCTPushNotification.xcodeproj */;
				},
				{
					ProductGroup = 139105B71AF99BAD00B5F7CC /* Products */;
					ProjectRef = 139105B61AF99BAD00B5F7CC /* RCTSettings.xcodeproj */;
				},
				{
					ProductGroup = 832341B11AAA6A8300B99B32 /* Products */;
					ProjectRef = 832341B01AAA6A8300B99B32 /* RCTText.xcodeproj */;
				},
				{
					ProductGroup = 00C302E01ABCB9EE00DB3ED1 /* Products */;
					ProjectRef = 00C302DF1ABCB9EE00DB3ED1 /* RCTVibration.xcodeproj */;
				},
				{
					ProductGroup = 139FDEE71B06529A00C62182 /* Products */;
					ProjectRef = 139FDEE61B06529A00C62182 /* RCTWebSocket.xcodeproj */;
				},
				{
					ProductGroup = 146834001AC3E56700842450 /* Products */;
					ProjectRef = 146833FF1AC3E56700842450 /* React.xcodeproj */;
				},
				{
					ProductGroup = D1F76EB61DED4C2600726929 /* Products */;
					ProjectRef = 808CC5829D2B41E79F55B991 /* RealmReact.xcodeproj */;
				},
				{
					ProductGroup = D1F76EA81DED4C2600726929 /* Products */;
					ProjectRef = B8389908A4DE4DAEA0A062A0 /* RNFetchBlob.xcodeproj */;
				},
				{
					ProductGroup = D1F76EAA1DED4C2600726929 /* Products */;
					ProjectRef = 0DD7CE70C4F649F99917AC7A /* RNFS.xcodeproj */;
				},
				{
					ProductGroup = D1F76EAC1DED4C2600726929 /* Products */;
					ProjectRef = 938FF12ADBFE45A38D0A5BE0 /* RNImagePicker.xcodeproj */;
				},
				{
					ProductGroup = D1F76EB41DED4C2600726929 /* Products */;
					ProjectRef = F8A489B4C1E74AD09D8CDB4D /* RNVectorIcons.xcodeproj */;
				},
			);
			projectRoot = "";
			targets = (
				13B07F861A680F5B00A75B9A /* AtAufe */,
				00E356ED1AD99517003FC87E /* AtAufeTests */,
			);
		};
/* End PBXProject section */

/* Begin PBXReferenceProxy section */
		00C302AC1ABCB8CE00DB3ED1 /* libRCTActionSheet.a */ = {
			isa = PBXReferenceProxy;
			fileType = archive.ar;
			path = libRCTActionSheet.a;
			remoteRef = 00C302AB1ABCB8CE00DB3ED1 /* PBXContainerItemProxy */;
			sourceTree = BUILT_PRODUCTS_DIR;
		};
		00C302BA1ABCB90400DB3ED1 /* libRCTGeolocation.a */ = {
			isa = PBXReferenceProxy;
			fileType = archive.ar;
			path = libRCTGeolocation.a;
			remoteRef = 00C302B91ABCB90400DB3ED1 /* PBXContainerItemProxy */;
			sourceTree = BUILT_PRODUCTS_DIR;
		};
		00C302C01ABCB91800DB3ED1 /* libRCTImage.a */ = {
			isa = PBXReferenceProxy;
			fileType = archive.ar;
			path = libRCTImage.a;
			remoteRef = 00C302BF1ABCB91800DB3ED1 /* PBXContainerItemProxy */;
			sourceTree = BUILT_PRODUCTS_DIR;
		};
		00C302DC1ABCB9D200DB3ED1 /* libRCTNetwork.a */ = {
			isa = PBXReferenceProxy;
			fileType = archive.ar;
			path = libRCTNetwork.a;
			remoteRef = 00C302DB1ABCB9D200DB3ED1 /* PBXContainerItemProxy */;
			sourceTree = BUILT_PRODUCTS_DIR;
		};
		00C302E41ABCB9EE00DB3ED1 /* libRCTVibration.a */ = {
			isa = PBXReferenceProxy;
			fileType = archive.ar;
			path = libRCTVibration.a;
			remoteRef = 00C302E31ABCB9EE00DB3ED1 /* PBXContainerItemProxy */;
			sourceTree = BUILT_PRODUCTS_DIR;
		};
		139105C11AF99BAD00B5F7CC /* libRCTSettings.a */ = {
			isa = PBXReferenceProxy;
			fileType = archive.ar;
			path = libRCTSettings.a;
			remoteRef = 139105C01AF99BAD00B5F7CC /* PBXContainerItemProxy */;
			sourceTree = BUILT_PRODUCTS_DIR;
		};
		139FDEF41B06529B00C62182 /* libRCTWebSocket.a */ = {
			isa = PBXReferenceProxy;
			fileType = archive.ar;
			path = libRCTWebSocket.a;
			remoteRef = 139FDEF31B06529B00C62182 /* PBXContainerItemProxy */;
			sourceTree = BUILT_PRODUCTS_DIR;
		};
		146834041AC3E56700842450 /* libReact.a */ = {
			isa = PBXReferenceProxy;
			fileType = archive.ar;
			path = libReact.a;
			remoteRef = 146834031AC3E56700842450 /* PBXContainerItemProxy */;
			sourceTree = BUILT_PRODUCTS_DIR;
		};
		78C398B91ACF4ADC00677621 /* libRCTLinking.a */ = {
			isa = PBXReferenceProxy;
			fileType = archive.ar;
			path = libRCTLinking.a;
			remoteRef = 78C398B81ACF4ADC00677621 /* PBXContainerItemProxy */;
			sourceTree = BUILT_PRODUCTS_DIR;
		};
		832341B51AAA6A8300B99B32 /* libRCTText.a */ = {
			isa = PBXReferenceProxy;
			fileType = archive.ar;
			path = libRCTText.a;
			remoteRef = 832341B41AAA6A8300B99B32 /* PBXContainerItemProxy */;
			sourceTree = BUILT_PRODUCTS_DIR;
		};
		D121BD721DFFD82600B093CD /* libRCTBEEPickerManager.a */ = {
			isa = PBXReferenceProxy;
			fileType = archive.ar;
			path = libRCTBEEPickerManager.a;
			remoteRef = D121BD711DFFD82600B093CD /* PBXContainerItemProxy */;
			sourceTree = BUILT_PRODUCTS_DIR;
		};
		D142F5381E0CF8F800796517 /* libRCTPushNotification.a */ = {
			isa = PBXReferenceProxy;
			fileType = archive.ar;
			path = libRCTPushNotification.a;
			remoteRef = D142F5371E0CF8F800796517 /* PBXContainerItemProxy */;
			sourceTree = BUILT_PRODUCTS_DIR;
		};
		D142F53A1E0CF8F800796517 /* libRCTPushNotification-tvOS.a */ = {
			isa = PBXReferenceProxy;
			fileType = archive.ar;
			path = "libRCTPushNotification-tvOS.a";
			remoteRef = D142F5391E0CF8F800796517 /* PBXContainerItemProxy */;
			sourceTree = BUILT_PRODUCTS_DIR;
		};
		D142F5D01E0D385600796517 /* libRCTJPushModule.a */ = {
			isa = PBXReferenceProxy;
			fileType = archive.ar;
			path = libRCTJPushModule.a;
			remoteRef = D142F5CF1E0D385600796517 /* PBXContainerItemProxy */;
			sourceTree = BUILT_PRODUCTS_DIR;
		};
		D142F5FE1E0D390700796517 /* libRCTPushNotification.a */ = {
			isa = PBXReferenceProxy;
			fileType = archive.ar;
			path = libRCTPushNotification.a;
			remoteRef = D142F5FD1E0D390700796517 /* PBXContainerItemProxy */;
			sourceTree = BUILT_PRODUCTS_DIR;
		};
		D142F6001E0D390700796517 /* libRCTPushNotification-tvOS.a */ = {
			isa = PBXReferenceProxy;
			fileType = archive.ar;
			path = "libRCTPushNotification-tvOS.a";
			remoteRef = D142F5FF1E0D390700796517 /* PBXContainerItemProxy */;
			sourceTree = BUILT_PRODUCTS_DIR;
		};
		D142F6071E0D391A00796517 /* libRCTPushNotification.a */ = {
			isa = PBXReferenceProxy;
			fileType = archive.ar;
			path = libRCTPushNotification.a;
			remoteRef = D142F6061E0D391A00796517 /* PBXContainerItemProxy */;
			sourceTree = BUILT_PRODUCTS_DIR;
		};
		D142F6091E0D391A00796517 /* libRCTPushNotification-tvOS.a */ = {
			isa = PBXReferenceProxy;
			fileType = archive.ar;
			path = "libRCTPushNotification-tvOS.a";
			remoteRef = D142F6081E0D391A00796517 /* PBXContainerItemProxy */;
			sourceTree = BUILT_PRODUCTS_DIR;
		};
		D1F76EBC1DED4C2600726929 /* libRCTHotUpdate.a */ = {
			isa = PBXReferenceProxy;
			fileType = archive.ar;
			path = libRCTHotUpdate.a;
			remoteRef = D1F76EBB1DED4C2600726929 /* PBXContainerItemProxy */;
			sourceTree = BUILT_PRODUCTS_DIR;
		};
		D1F76EC01DED4C2600726929 /* libRCTImage-tvOS.a */ = {
			isa = PBXReferenceProxy;
			fileType = archive.ar;
			path = "libRCTImage-tvOS.a";
			remoteRef = D1F76EBF1DED4C2600726929 /* PBXContainerItemProxy */;
			sourceTree = BUILT_PRODUCTS_DIR;
		};
		D1F76EC31DED4C2600726929 /* libRCTImageResizer.a */ = {
			isa = PBXReferenceProxy;
			fileType = archive.ar;
			path = libRCTImageResizer.a;
			remoteRef = D1F76EC21DED4C2600726929 /* PBXContainerItemProxy */;
			sourceTree = BUILT_PRODUCTS_DIR;
		};
		D1F76ECA1DED4C2600726929 /* libRCTLinking-tvOS.a */ = {
			isa = PBXReferenceProxy;
			fileType = archive.ar;
			path = "libRCTLinking-tvOS.a";
			remoteRef = D1F76EC91DED4C2600726929 /* PBXContainerItemProxy */;
			sourceTree = BUILT_PRODUCTS_DIR;
		};
		D1F76ECE1DED4C2600726929 /* libRCTNetwork-tvOS.a */ = {
			isa = PBXReferenceProxy;
			fileType = archive.ar;
			path = "libRCTNetwork-tvOS.a";
			remoteRef = D1F76ECD1DED4C2600726929 /* PBXContainerItemProxy */;
			sourceTree = BUILT_PRODUCTS_DIR;
		};
		D1F76ED21DED4C2600726929 /* libRCTSettings-tvOS.a */ = {
			isa = PBXReferenceProxy;
			fileType = archive.ar;
			path = "libRCTSettings-tvOS.a";
			remoteRef = D1F76ED11DED4C2600726929 /* PBXContainerItemProxy */;
			sourceTree = BUILT_PRODUCTS_DIR;
		};
		D1F76ED61DED4C2600726929 /* libRCTText-tvOS.a */ = {
			isa = PBXReferenceProxy;
			fileType = archive.ar;
			path = "libRCTText-tvOS.a";
			remoteRef = D1F76ED51DED4C2600726929 /* PBXContainerItemProxy */;
			sourceTree = BUILT_PRODUCTS_DIR;
		};
		D1F76EDB1DED4C2600726929 /* libRCTWebSocket-tvOS.a */ = {
			isa = PBXReferenceProxy;
			fileType = archive.ar;
			path = "libRCTWebSocket-tvOS.a";
			remoteRef = D1F76EDA1DED4C2600726929 /* PBXContainerItemProxy */;
			sourceTree = BUILT_PRODUCTS_DIR;
		};
		D1F76EDF1DED4C2600726929 /* libReact-tvOS.a */ = {
			isa = PBXReferenceProxy;
			fileType = archive.ar;
			path = "libReact-tvOS.a";
			remoteRef = D1F76EDE1DED4C2600726929 /* PBXContainerItemProxy */;
			sourceTree = BUILT_PRODUCTS_DIR;
		};
		D1F76EE21DED4C2600726929 /* libRealmReact.a */ = {
			isa = PBXReferenceProxy;
			fileType = archive.ar;
			path = libRealmReact.a;
			remoteRef = D1F76EE11DED4C2600726929 /* PBXContainerItemProxy */;
			sourceTree = BUILT_PRODUCTS_DIR;
		};
		D1F76EE51DED4C2600726929 /* libRNFetchBlob.a */ = {
			isa = PBXReferenceProxy;
			fileType = archive.ar;
			path = libRNFetchBlob.a;
			remoteRef = D1F76EE41DED4C2600726929 /* PBXContainerItemProxy */;
			sourceTree = BUILT_PRODUCTS_DIR;
		};
		D1F76EE81DED4C2600726929 /* libRNFS.a */ = {
			isa = PBXReferenceProxy;
			fileType = archive.ar;
			path = libRNFS.a;
			remoteRef = D1F76EE71DED4C2600726929 /* PBXContainerItemProxy */;
			sourceTree = BUILT_PRODUCTS_DIR;
		};
		D1F76EEB1DED4C2600726929 /* libRNImagePicker.a */ = {
			isa = PBXReferenceProxy;
			fileType = archive.ar;
			path = libRNImagePicker.a;
			remoteRef = D1F76EEA1DED4C2600726929 /* PBXContainerItemProxy */;
			sourceTree = BUILT_PRODUCTS_DIR;
		};
		D1F76EEE1DED4C2600726929 /* libRNVectorIcons.a */ = {
			isa = PBXReferenceProxy;
			fileType = archive.ar;
			path = libRNVectorIcons.a;
			remoteRef = D1F76EED1DED4C2600726929 /* PBXContainerItemProxy */;
			sourceTree = BUILT_PRODUCTS_DIR;
		};
/* End PBXReferenceProxy section */

/* Begin PBXResourcesBuildPhase section */
		00E356EC1AD99517003FC87E /* Resources */ = {
			isa = PBXResourcesBuildPhase;
			buildActionMask = 2147483647;
			files = (
			);
			runOnlyForDeploymentPostprocessing = 0;
		};
		13B07F8E1A680F5B00A75B9A /* Resources */ = {
			isa = PBXResourcesBuildPhase;
			buildActionMask = 2147483647;
			files = (
				13B07FBF1A68108700A75B9A /* Images.xcassets in Resources */,
				13B07FBD1A68108700A75B9A /* LaunchScreen.xib in Resources */,
				E955499F39964A7FB59DE7B1 /* Entypo.ttf in Resources */,
				1DD55BE4CE66467A8F5445EA /* EvilIcons.ttf in Resources */,
				DF13DB7377924C7098FFF221 /* FontAwesome.ttf in Resources */,
				D04FA7276E3F4673B6FBBD7F /* Foundation.ttf in Resources */,
				C3E236FC6C0A4738B3288F8E /* Ionicons.ttf in Resources */,
				66D4CD11D7F9453CB53B5AD5 /* MaterialIcons.ttf in Resources */,
				B576948118AF43A5BB1E2634 /* Octicons.ttf in Resources */,
				26BD53A59C794EEB84CF9467 /* SimpleLineIcons.ttf in Resources */,
				4130DAC64BE544A5B3284B3E /* Zocial.ttf in Resources */,
			);
			runOnlyForDeploymentPostprocessing = 0;
		};
/* End PBXResourcesBuildPhase section */

/* Begin PBXShellScriptBuildPhase section */
		00DD1BFF1BD5951E006B06BC /* Bundle React Native code and images */ = {
			isa = PBXShellScriptBuildPhase;
			buildActionMask = 2147483647;
			files = (
			);
			inputPaths = (
			);
			name = "Bundle React Native code and images";
			outputPaths = (
			);
			runOnlyForDeploymentPostprocessing = 0;
			shellPath = /bin/sh;
			shellScript = "export NODE_BINARY=node\n../node_modules/react-native/packager/react-native-xcode.sh";
		};
/* End PBXShellScriptBuildPhase section */

/* Begin PBXSourcesBuildPhase section */
		00E356EA1AD99517003FC87E /* Sources */ = {
			isa = PBXSourcesBuildPhase;
			buildActionMask = 2147483647;
			files = (
				00E356F31AD99517003FC87E /* AtAufeTests.m in Sources */,
			);
			runOnlyForDeploymentPostprocessing = 0;
		};
		13B07F871A680F5B00A75B9A /* Sources */ = {
			isa = PBXSourcesBuildPhase;
			buildActionMask = 2147483647;
			files = (
				13B07FBC1A68108700A75B9A /* AppDelegate.m in Sources */,
				13B07FC11A68108700A75B9A /* main.m in Sources */,
			);
			runOnlyForDeploymentPostprocessing = 0;
		};
/* End PBXSourcesBuildPhase section */

/* Begin PBXTargetDependency section */
		00E356F51AD99517003FC87E /* PBXTargetDependency */ = {
			isa = PBXTargetDependency;
			target = 13B07F861A680F5B00A75B9A /* AtAufe */;
			targetProxy = 00E356F41AD99517003FC87E /* PBXContainerItemProxy */;
		};
/* End PBXTargetDependency section */

/* Begin PBXVariantGroup section */
		13B07FB11A68108700A75B9A /* LaunchScreen.xib */ = {
			isa = PBXVariantGroup;
			children = (
				13B07FB21A68108700A75B9A /* Base */,
			);
			name = LaunchScreen.xib;
			path = AtAufe;
			sourceTree = "<group>";
		};
/* End PBXVariantGroup section */

/* Begin XCBuildConfiguration section */
		00E356F61AD99517003FC87E /* Debug */ = {
			isa = XCBuildConfiguration;
			buildSettings = {
				BUNDLE_LOADER = "$(TEST_HOST)";
				CODE_SIGN_IDENTITY = "iPhone Developer: Yuxing Zhang (F64N2HP6KH)";
				"CODE_SIGN_IDENTITY[sdk=iphoneos*]" = "iPhone Developer";
				DEVELOPMENT_TEAM = JYPUB43E9Y;
				GCC_PREPROCESSOR_DEFINITIONS = (
					"DEBUG=1",
					"$(inherited)",
				);
				INFOPLIST_FILE = AtAufeTests/Info.plist;
				IPHONEOS_DEPLOYMENT_TARGET = 8.0;
				LD_RUNPATH_SEARCH_PATHS = "$(inherited) @executable_path/Frameworks @loader_path/Frameworks";
				LIBRARY_SEARCH_PATHS = (
					"$(inherited)",
					"\"$(SRCROOT)/$(TARGET_NAME)\"",
					"\"$(SRCROOT)/$(TARGET_NAME)\"",
					"\"$(SRCROOT)/$(TARGET_NAME)\"",
				);
				PRODUCT_BUNDLE_IDENTIFIER = "org.reactjs.native.example.$(PRODUCT_NAME:rfc1034identifier)";
				PRODUCT_NAME = "$(TARGET_NAME)";
				PROVISIONING_PROFILE = "";
				PROVISIONING_PROFILE_SPECIFIER = "";
				TEST_HOST = "$(BUILT_PRODUCTS_DIR)/AtAufe.app/AtAufe";
			};
			name = Debug;
		};
		00E356F71AD99517003FC87E /* Release */ = {
			isa = XCBuildConfiguration;
			buildSettings = {
				BUNDLE_LOADER = "$(TEST_HOST)";
				CODE_SIGN_IDENTITY = "iPhone Developer: Yuxing Zhang (F64N2HP6KH)";
				"CODE_SIGN_IDENTITY[sdk=iphoneos*]" = "iPhone Distribution";
				COPY_PHASE_STRIP = NO;
				DEVELOPMENT_TEAM = JYPUB43E9Y;
				INFOPLIST_FILE = AtAufeTests/Info.plist;
				IPHONEOS_DEPLOYMENT_TARGET = 8.0;
				LD_RUNPATH_SEARCH_PATHS = "$(inherited) @executable_path/Frameworks @loader_path/Frameworks";
				LIBRARY_SEARCH_PATHS = (
					"$(inherited)",
					"\"$(SRCROOT)/$(TARGET_NAME)\"",
					"\"$(SRCROOT)/$(TARGET_NAME)\"",
					"\"$(SRCROOT)/$(TARGET_NAME)\"",
				);
				ONLY_ACTIVE_ARCH = NO;
				PRODUCT_BUNDLE_IDENTIFIER = "org.reactjs.native.example.$(PRODUCT_NAME:rfc1034identifier)";
				PRODUCT_NAME = "$(TARGET_NAME)";
				PROVISIONING_PROFILE = "";
				PROVISIONING_PROFILE_SPECIFIER = "";
				TEST_HOST = "$(BUILT_PRODUCTS_DIR)/AtAufe.app/AtAufe";
			};
			name = Release;
		};
		13B07F941A680F5B00A75B9A /* Debug */ = {
			isa = XCBuildConfiguration;
			buildSettings = {
				ASSETCATALOG_COMPILER_APPICON_NAME = AppIcon;
				CODE_SIGN_ENTITLEMENTS = AtAufe/AtAufe.entitlements;
				CODE_SIGN_IDENTITY = "iPhone Developer";
				"CODE_SIGN_IDENTITY[sdk=iphoneos*]" = "iPhone Developer";
				CURRENT_PROJECT_VERSION = 1;
				DEAD_CODE_STRIPPING = NO;
				DEVELOPMENT_TEAM = JYPUB43E9Y;
				GCC_NO_COMMON_BLOCKS = YES;
				HEADER_SEARCH_PATHS = (
					"$(inherited)",
					/Applications/Xcode.app/Contents/Developer/Toolchains/XcodeDefault.xctoolchain/usr/include,
					"$(SRCROOT)/../node_modules/react-native/React/**",
					"$(SRCROOT)/../node_modules/react-native-fetch-blob/ios/**",
					"$(SRCROOT)/../node_modules/react-native-fs/**",
					"$(SRCROOT)/../node_modules/react-native-image-picker/ios",
					"$(SRCROOT)/../node_modules/react-native-image-resizer/ios/RCTImageResizer",
					"$(SRCROOT)/../node_modules/react-native-update/ios/RCTHotUpdate/**",
					"$(SRCROOT)/../node_modules/react-native-vector-icons/RNVectorIconsManager",
					"$(SRCROOT)/../node_modules/realm/src/**",
					"$(SRCROOT)/../node_modules/react-native-picker/ios/RCTBEEPickerManager",
					"$(SRCROOT)/../node_modules/react-native/Libraries/PushNotificationIOS/**",
					"$(SRCROOT)/../node_modules/jpush-react-native/ios/RCTJPushModule/RCTJPushModule",
					"$(SRCROOT)/../node_modules/react-native/Libraries/PushNotificationIOS/**",
				);
				INFOPLIST_FILE = AtAufe/Info.plist;
				LD_RUNPATH_SEARCH_PATHS = "$(inherited) @executable_path/Frameworks";
				OTHER_LDFLAGS = (
					"$(inherited)",
					"-ObjC",
					"-lc++",
				);
				PRODUCT_BUNDLE_IDENTIFIER = net.nmdim.ataufe;
				PRODUCT_NAME = AtAufe;
				PROVISIONING_PROFILE = "e7866af2-64eb-4942-855f-ae3e1ea732e3";
				PROVISIONING_PROFILE_SPECIFIER = "iOS Development AtAufe";
				VERSIONING_SYSTEM = "apple-generic";
			};
			name = Debug;
		};
		13B07F951A680F5B00A75B9A /* Release */ = {
			isa = XCBuildConfiguration;
			buildSettings = {
				ASSETCATALOG_COMPILER_APPICON_NAME = AppIcon;
				CODE_SIGN_ENTITLEMENTS = AtAufe/AtAufe.entitlements;
				CODE_SIGN_IDENTITY = "iPhone Developer";
				"CODE_SIGN_IDENTITY[sdk=iphoneos*]" = "iPhone Distribution";
				CURRENT_PROJECT_VERSION = 1;
				DEVELOPMENT_TEAM = JYPUB43E9Y;
				GCC_NO_COMMON_BLOCKS = YES;
				HEADER_SEARCH_PATHS = (
					"$(inherited)",
					/Applications/Xcode.app/Contents/Developer/Toolchains/XcodeDefault.xctoolchain/usr/include,
					"$(SRCROOT)/../node_modules/react-native/React/**",
					"$(SRCROOT)/../node_modules/react-native-fetch-blob/ios/**",
					"$(SRCROOT)/../node_modules/react-native-fs/**",
					"$(SRCROOT)/../node_modules/react-native-image-picker/ios",
					"$(SRCROOT)/../node_modules/react-native-image-resizer/ios/RCTImageResizer",
					"$(SRCROOT)/../node_modules/react-native-update/ios/RCTHotUpdate/**",
					"$(SRCROOT)/../node_modules/react-native-vector-icons/RNVectorIconsManager",
					"$(SRCROOT)/../node_modules/realm/src/**",
					"$(SRCROOT)/../node_modules/react-native-picker/ios/RCTBEEPickerManager",
					"$(SRCROOT)/../node_modules/react-native/Libraries/PushNotificationIOS/**",
					"$(SRCROOT)/../node_modules/jpush-react-native/ios/RCTJPushModule/RCTJPushModule",
					"$(SRCROOT)/../node_modules/react-native/Libraries/PushNotificationIOS/**",
				);
				INFOPLIST_FILE = AtAufe/Info.plist;
				LD_RUNPATH_SEARCH_PATHS = "$(inherited) @executable_path/Frameworks";
				ONLY_ACTIVE_ARCH = NO;
				OTHER_LDFLAGS = (
					"$(inherited)",
					"-ObjC",
					"-lc++",
				);
				PRODUCT_BUNDLE_IDENTIFIER = net.nmdim.ataufe;
				PRODUCT_NAME = AtAufe;
				PROVISIONING_PROFILE = "c1c5a54d-faac-4a48-9d23-e1a6159b3ffd";
				PROVISIONING_PROFILE_SPECIFIER = "iOS Distribution AtAufe Ad";
				VERSIONING_SYSTEM = "apple-generic";
			};
			name = Release;
		};
		83CBBA201A601CBA00E9B192 /* Debug */ = {
			isa = XCBuildConfiguration;
			buildSettings = {
				ALWAYS_SEARCH_USER_PATHS = NO;
				CLANG_CXX_LANGUAGE_STANDARD = "gnu++0x";
				CLANG_CXX_LIBRARY = "libc++";
				CLANG_ENABLE_MODULES = YES;
				CLANG_ENABLE_OBJC_ARC = YES;
				CLANG_WARN_BOOL_CONVERSION = YES;
				CLANG_WARN_CONSTANT_CONVERSION = YES;
				CLANG_WARN_DIRECT_OBJC_ISA_USAGE = YES_ERROR;
				CLANG_WARN_EMPTY_BODY = YES;
				CLANG_WARN_ENUM_CONVERSION = YES;
				CLANG_WARN_INFINITE_RECURSION = YES;
				CLANG_WARN_INT_CONVERSION = YES;
				CLANG_WARN_OBJC_ROOT_CLASS = YES_ERROR;
				CLANG_WARN_SUSPICIOUS_MOVE = YES;
				CLANG_WARN_UNREACHABLE_CODE = YES;
				CLANG_WARN__DUPLICATE_METHOD_MATCH = YES;
				CODE_SIGN_IDENTITY = "";
				"CODE_SIGN_IDENTITY[sdk=iphoneos*]" = "";
				COPY_PHASE_STRIP = NO;
				DEVELOPMENT_TEAM = RTYS3KTXJV;
				ENABLE_STRICT_OBJC_MSGSEND = YES;
				ENABLE_TESTABILITY = YES;
				GCC_C_LANGUAGE_STANDARD = gnu99;
				GCC_DYNAMIC_NO_PIC = NO;
				GCC_NO_COMMON_BLOCKS = YES;
				GCC_OPTIMIZATION_LEVEL = 0;
				GCC_PREPROCESSOR_DEFINITIONS = (
					"DEBUG=1",
					"$(inherited)",
				);
				GCC_SYMBOLS_PRIVATE_EXTERN = NO;
				GCC_WARN_64_TO_32_BIT_CONVERSION = YES;
				GCC_WARN_ABOUT_RETURN_TYPE = YES_ERROR;
				GCC_WARN_UNDECLARED_SELECTOR = YES;
				GCC_WARN_UNINITIALIZED_AUTOS = YES_AGGRESSIVE;
				GCC_WARN_UNUSED_FUNCTION = YES;
				GCC_WARN_UNUSED_VARIABLE = YES;
				HEADER_SEARCH_PATHS = (
					"$(inherited)",
					/Applications/Xcode.app/Contents/Developer/Toolchains/XcodeDefault.xctoolchain/usr/include,
					"$(SRCROOT)/../node_modules/react-native/React/**",
					"$(SRCROOT)/../node_modules/react-native-fetch-blob/ios/**",
					"$(SRCROOT)/../node_modules/react-native-fs/**",
					"$(SRCROOT)/../node_modules/react-native-image-picker/ios",
					"$(SRCROOT)/../node_modules/react-native-image-resizer/ios/RCTImageResizer",
					"$(SRCROOT)/../node_modules/react-native-update/ios/RCTHotUpdate/**",
					"$(SRCROOT)/../node_modules/react-native-vector-icons/RNVectorIconsManager",
					"$(SRCROOT)/../node_modules/realm/src/**",
					"$(SRCROOT)/../node_modules/react-native-jpush/ios/**",
					"$(SRCROOT)/../node_modules/react-native-picker/ios/RCTBEEPickerManager",
					"$(SRCROOT)/../node_modules/jpush-react-native/ios/RCTJPushModule/RCTJPushModule",
					"$(SRCROOT)/../node_modules/jpush-react-native/ios/RCTJPushModule/RCTJPushModule",
				);
				IPHONEOS_DEPLOYMENT_TARGET = 8.0;
				MTL_ENABLE_DEBUG_INFO = YES;
				ONLY_ACTIVE_ARCH = YES;
				PROVISIONING_PROFILE = "efe03a6a-cca2-43ce-bdd2-4001df5f23d0";
				SDKROOT = iphoneos;
			};
			name = Debug;
		};
		83CBBA211A601CBA00E9B192 /* Release */ = {
			isa = XCBuildConfiguration;
			buildSettings = {
				ALWAYS_SEARCH_USER_PATHS = NO;
				CLANG_CXX_LANGUAGE_STANDARD = "gnu++0x";
				CLANG_CXX_LIBRARY = "libc++";
				CLANG_ENABLE_MODULES = YES;
				CLANG_ENABLE_OBJC_ARC = YES;
				CLANG_WARN_BOOL_CONVERSION = YES;
				CLANG_WARN_CONSTANT_CONVERSION = YES;
				CLANG_WARN_DIRECT_OBJC_ISA_USAGE = YES_ERROR;
				CLANG_WARN_EMPTY_BODY = YES;
				CLANG_WARN_ENUM_CONVERSION = YES;
				CLANG_WARN_INFINITE_RECURSION = YES;
				CLANG_WARN_INT_CONVERSION = YES;
				CLANG_WARN_OBJC_ROOT_CLASS = YES_ERROR;
				CLANG_WARN_SUSPICIOUS_MOVE = YES;
				CLANG_WARN_UNREACHABLE_CODE = YES;
				CLANG_WARN__DUPLICATE_METHOD_MATCH = YES;
				CODE_SIGN_IDENTITY = "";
				"CODE_SIGN_IDENTITY[sdk=iphoneos*]" = "";
				COPY_PHASE_STRIP = YES;
				DEVELOPMENT_TEAM = RTYS3KTXJV;
				ENABLE_NS_ASSERTIONS = NO;
				ENABLE_STRICT_OBJC_MSGSEND = YES;
				GCC_C_LANGUAGE_STANDARD = gnu99;
				GCC_NO_COMMON_BLOCKS = YES;
				GCC_WARN_64_TO_32_BIT_CONVERSION = YES;
				GCC_WARN_ABOUT_RETURN_TYPE = YES_ERROR;
				GCC_WARN_UNDECLARED_SELECTOR = YES;
				GCC_WARN_UNINITIALIZED_AUTOS = YES_AGGRESSIVE;
				GCC_WARN_UNUSED_FUNCTION = YES;
				GCC_WARN_UNUSED_VARIABLE = YES;
				HEADER_SEARCH_PATHS = (
					"$(inherited)",
					/Applications/Xcode.app/Contents/Developer/Toolchains/XcodeDefault.xctoolchain/usr/include,
					"$(SRCROOT)/../node_modules/react-native/React/**",
					"$(SRCROOT)/../node_modules/react-native-fetch-blob/ios/**",
					"$(SRCROOT)/../node_modules/react-native-fs/**",
					"$(SRCROOT)/../node_modules/react-native-image-picker/ios",
					"$(SRCROOT)/../node_modules/react-native-image-resizer/ios/RCTImageResizer",
					"$(SRCROOT)/../node_modules/react-native-update/ios/RCTHotUpdate/**",
					"$(SRCROOT)/../node_modules/react-native-vector-icons/RNVectorIconsManager",
					"$(SRCROOT)/../node_modules/realm/src/**",
					"$(SRCROOT)/../node_modules/react-native-jpush/ios/**",
					"$(SRCROOT)/../node_modules/react-native-picker/ios/RCTBEEPickerManager",
					"$(SRCROOT)/../node_modules/jpush-react-native/ios/RCTJPushModule/RCTJPushModule",
					"$(SRCROOT)/../node_modules/jpush-react-native/ios/RCTJPushModule/RCTJPushModule",
				);
				IPHONEOS_DEPLOYMENT_TARGET = 8.0;
				MTL_ENABLE_DEBUG_INFO = NO;
				ONLY_ACTIVE_ARCH = NO;
				PROVISIONING_PROFILE = "efe03a6a-cca2-43ce-bdd2-4001df5f23d0";
				SDKROOT = iphoneos;
				VALIDATE_PRODUCT = YES;
			};
			name = Release;
		};
/* End XCBuildConfiguration section */

/* Begin XCConfigurationList section */
		00E357021AD99517003FC87E /* Build configuration list for PBXNativeTarget "AtAufeTests" */ = {
			isa = XCConfigurationList;
			buildConfigurations = (
				00E356F61AD99517003FC87E /* Debug */,
				00E356F71AD99517003FC87E /* Release */,
			);
			defaultConfigurationIsVisible = 0;
			defaultConfigurationName = Release;
		};
		13B07F931A680F5B00A75B9A /* Build configuration list for PBXNativeTarget "AtAufe" */ = {
			isa = XCConfigurationList;
			buildConfigurations = (
				13B07F941A680F5B00A75B9A /* Debug */,
				13B07F951A680F5B00A75B9A /* Release */,
			);
			defaultConfigurationIsVisible = 0;
			defaultConfigurationName = Release;
		};
		83CBB9FA1A601CBA00E9B192 /* Build configuration list for PBXProject "AtAufe" */ = {
			isa = XCConfigurationList;
			buildConfigurations = (
				83CBBA201A601CBA00E9B192 /* Debug */,
				83CBBA211A601CBA00E9B192 /* Release */,
			);
			defaultConfigurationIsVisible = 0;
			defaultConfigurationName = Release;
		};
/* End XCConfigurationList section */
	};
	rootObject = 83CBB9F71A601CBA00E9B192 /* Project object */;
}
